
Microsoft Visual Studio Solution File, Format Version 12.00
Project("{FAE04EC0-301F-11D3-BF4B-00C04F79EFBC}") = "BusinessLogic", "src\BusinessLogic\BusinessLogic.csproj", "{A9AD1DF6-514D-4AC7-A62C-B40C61A87B4A}"
EndProject
Project("{2150E333-8FDC-42A3-9474-1A3956D46DE8}") = "src", "src", "{C257F228-9409-4678-8ACB-476AC2E8EAB7}"
EndProject
Project("{2150E333-8FDC-42A3-9474-1A3956D46DE8}") = "tests", "tests", "{AE95E391-F8C2-4DCE-8CF8-80279E21E3BF}"
EndProject
Project("{FAE04EC0-301F-11D3-BF4B-00C04F79EFBC}") = "LoanApi", "src\LoanApi\LoanApi\LoanApi.csproj", "{52B45D21-990C-4ABB-949E-F8395A7120CB}"
EndProject
Project("{FAE04EC0-301F-11D3-BF4B-00C04F79EFBC}") = "Common", "src\Common\cs\Common.csproj", "{68A4D6F8-B807-47DD-AAFA-571334249D48}"
EndProject
Project("{FAE04EC0-301F-11D3-BF4B-00C04F79EFBC}") = "LoanApi.Tests", "src\LoanApi\LoanApi.Tests\LoanApi.Tests.csproj", "{64ED50EC-B9E2-40B4-806F-14ED0A9E3FA2}"
EndProject
Project("{FAE04EC0-301F-11D3-BF4B-00C04F79EFBC}") = "AwsCdk", "AwsCdk\AwsCdk.csproj", "{39286012-68E6-4AE6-99EC-3A9792196937}"
EndProject
Project("{FAE04EC0-301F-11D3-BF4B-00C04F79EFBC}") = "Endpoint", "src\Endpoint\Endpoint.csproj", "{2BFA8905-4622-4BE7-917A-3867B5E25E86}"
EndProject
Project("{FAE04EC0-301F-11D3-BF4B-00C04F79EFBC}") = "LocalRunner", "src\LocalRunner\LocalRunner.csproj", "{E6AEBFDF-A11F-4028-945C-176BDC53BD5C}"
EndProject
Project("{FAE04EC0-301F-11D3-BF4B-00C04F79EFBC}") = "TelegramBot", "src\TelegramBot\TelegramBot.csproj", "{331BD581-F2FF-45DF-A8D0-00DC83921EC0}"
EndProject
Global
	GlobalSection(SolutionConfigurationPlatforms) = preSolution
		Debug|Any CPU = Debug|Any CPU
		Release|Any CPU = Release|Any CPU
	EndGlobalSection
	GlobalSection(ProjectConfigurationPlatforms) = postSolution
		{A9AD1DF6-514D-4AC7-A62C-B40C61A87B4A}.Debug|Any CPU.ActiveCfg = Debug|Any CPU
		{A9AD1DF6-514D-4AC7-A62C-B40C61A87B4A}.Debug|Any CPU.Build.0 = Debug|Any CPU
		{A9AD1DF6-514D-4AC7-A62C-B40C61A87B4A}.Release|Any CPU.ActiveCfg = Release|Any CPU
		{A9AD1DF6-514D-4AC7-A62C-B40C61A87B4A}.Release|Any CPU.Build.0 = Release|Any CPU
		{52B45D21-990C-4ABB-949E-F8395A7120CB}.Debug|Any CPU.ActiveCfg = Debug|Any CPU
		{52B45D21-990C-4ABB-949E-F8395A7120CB}.Debug|Any CPU.Build.0 = Debug|Any CPU
		{52B45D21-990C-4ABB-949E-F8395A7120CB}.Release|Any CPU.ActiveCfg = Release|Any CPU
		{52B45D21-990C-4ABB-949E-F8395A7120CB}.Release|Any CPU.Build.0 = Release|Any CPU
		{68A4D6F8-B807-47DD-AAFA-571334249D48}.Debug|Any CPU.ActiveCfg = Debug|Any CPU
		{68A4D6F8-B807-47DD-AAFA-571334249D48}.Debug|Any CPU.Build.0 = Debug|Any CPU
		{68A4D6F8-B807-47DD-AAFA-571334249D48}.Release|Any CPU.ActiveCfg = Release|Any CPU
		{68A4D6F8-B807-47DD-AAFA-571334249D48}.Release|Any CPU.Build.0 = Release|Any CPU
		{64ED50EC-B9E2-40B4-806F-14ED0A9E3FA2}.Debug|Any CPU.ActiveCfg = Debug|Any CPU
		{64ED50EC-B9E2-40B4-806F-14ED0A9E3FA2}.Debug|Any CPU.Build.0 = Debug|Any CPU
		{64ED50EC-B9E2-40B4-806F-14ED0A9E3FA2}.Release|Any CPU.ActiveCfg = Release|Any CPU
		{64ED50EC-B9E2-40B4-806F-14ED0A9E3FA2}.Release|Any CPU.Build.0 = Release|Any CPU
		{39286012-68E6-4AE6-99EC-3A9792196937}.Debug|Any CPU.ActiveCfg = Debug|Any CPU
		{39286012-68E6-4AE6-99EC-3A9792196937}.Debug|Any CPU.Build.0 = Debug|Any CPU
		{39286012-68E6-4AE6-99EC-3A9792196937}.Release|Any CPU.ActiveCfg = Release|Any CPU
		{39286012-68E6-4AE6-99EC-3A9792196937}.Release|Any CPU.Build.0 = Release|Any CPU
		{2BFA8905-4622-4BE7-917A-3867B5E25E86}.Debug|Any CPU.ActiveCfg = Debug|Any CPU
		{2BFA8905-4622-4BE7-917A-3867B5E25E86}.Debug|Any CPU.Build.0 = Debug|Any CPU
		{2BFA8905-4622-4BE7-917A-3867B5E25E86}.Release|Any CPU.ActiveCfg = Release|Any CPU
		{2BFA8905-4622-4BE7-917A-3867B5E25E86}.Release|Any CPU.Build.0 = Release|Any CPU
		{E6AEBFDF-A11F-4028-945C-176BDC53BD5C}.Debug|Any CPU.ActiveCfg = Debug|Any CPU
		{E6AEBFDF-A11F-4028-945C-176BDC53BD5C}.Debug|Any CPU.Build.0 = Debug|Any CPU
		{E6AEBFDF-A11F-4028-945C-176BDC53BD5C}.Release|Any CPU.ActiveCfg = Release|Any CPU
		{E6AEBFDF-A11F-4028-945C-176BDC53BD5C}.Release|Any CPU.Build.0 = Release|Any CPU
		{331BD581-F2FF-45DF-A8D0-00DC83921EC0}.Debug|Any CPU.ActiveCfg = Debug|Any CPU
		{331BD581-F2FF-45DF-A8D0-00DC83921EC0}.Debug|Any CPU.Build.0 = Debug|Any CPU
		{331BD581-F2FF-45DF-A8D0-00DC83921EC0}.Release|Any CPU.ActiveCfg = Release|Any CPU
		{331BD581-F2FF-45DF-A8D0-00DC83921EC0}.Release|Any CPU.Build.0 = Release|Any CPU
	EndGlobalSection
	GlobalSection(NestedProjects) = preSolution
		{A9AD1DF6-514D-4AC7-A62C-B40C61A87B4A} = {C257F228-9409-4678-8ACB-476AC2E8EAB7}
		{52B45D21-990C-4ABB-949E-F8395A7120CB} = {C257F228-9409-4678-8ACB-476AC2E8EAB7}
		{68A4D6F8-B807-47DD-AAFA-571334249D48} = {C257F228-9409-4678-8ACB-476AC2E8EAB7}
		{64ED50EC-B9E2-40B4-806F-14ED0A9E3FA2} = {AE95E391-F8C2-4DCE-8CF8-80279E21E3BF}
		{2BFA8905-4622-4BE7-917A-3867B5E25E86} = {C257F228-9409-4678-8ACB-476AC2E8EAB7}
		{E6AEBFDF-A11F-4028-945C-176BDC53BD5C} = {C257F228-9409-4678-8ACB-476AC2E8EAB7}
		{331BD581-F2FF-45DF-A8D0-00DC83921EC0} = {C257F228-9409-4678-8ACB-476AC2E8EAB7}
	EndGlobalSection
EndGlobal
